
Microsoft Visual Studio Solution File, Format Version 12.00
# Visual Studio Version 16
VisualStudioVersion = 16.0.30611.23
MinimumVisualStudioVersion = 10.0.40219.1
Project("{FAE04EC0-301F-11D3-BF4B-00C04F79EFBC}") = "MazoriumWeb", "MazoriumWeb.csproj", "{F9A31205-8A04-483B-BDDB-061EAA82FA68}"
EndProject
Global
	GlobalSection(SolutionConfigurationPlatforms) = preSolution
		Debug|Any CPU = Debug|Any CPU
		Release|Any CPU = Release|Any CPU
	EndGlobalSection
	GlobalSection(ProjectConfigurationPlatforms) = postSolution
		{F9A31205-8A04-483B-BDDB-061EAA82FA68}.Debug|Any CPU.ActiveCfg = Debug|Any CPU
		{F9A31205-8A04-483B-BDDB-061EAA82FA68}.Debug|Any CPU.Build.0 = Debug|Any CPU
		{F9A31205-8A04-483B-BDDB-061EAA82FA68}.Release|Any CPU.ActiveCfg = Release|Any CPU
		{F9A31205-8A04-483B-BDDB-061EAA82FA68}.Release|Any CPU.Build.0 = Release|Any CPU
	EndGlobalSection
	GlobalSection(SolutionProperties) = preSolution
		HideSolutionNode = FALSE
	EndGlobalSection
	GlobalSection(ExtensibilityGlobals) = postSolution
		SolutionGuid = {5061C28F-F123-4CFE-8C3A-16C05A3EE50B}
	EndGlobalSection
EndGlobal
